Microsoft Visual Studio Solution File, Format Version 12.00
# Visual Studio Version 16
VisualStudioVersion = 16.0.29911.84
MinimumVisualStudioVersion = 15.0.26124.0
Project("{9A19103F-16F7-4668-BE54-9A1E7A4F7556}") = "Pinpoint.Win", "Pinpoint.Win\Pinpoint.Win.csproj", "{81559AE7-3A5C-4953-B02E-EE2CD32EED9B}"
EndProject
Project("{9A19103F-16F7-4668-BE54-9A1E7A4F7556}") = "Pinpoint.Plugin.Snippets", "Pinpoint.Plugin.Snippets\Pinpoint.Plugin.Snippets.csproj", "{10B15234-FF11-4294-B1DF-780691454A9F}"
EndProject
Project("{9A19103F-16F7-4668-BE54-9A1E7A4F7556}") = "Pinpoint.Core", "Pinpoint.Core\Pinpoint.Core.csproj", "{F78E1679-338A-431E-AB89-13D5F47C5888}"
EndProject
Project("{9A19103F-16F7-4668-BE54-9A1E7A4F7556}") = "Pinpoint.Plugin.Calculator", "Pinpoint.Plugin.Calculator\Pinpoint.Plugin.Calculator.csproj", "{E3FBC1E0-DBC0-4761-9818-CDD5B6F2A504}"
EndProject
Project("{9A19103F-16F7-4668-BE54-9A1E7A4F7556}") = "Pinpoint.Plugin.Currency", "Pinpoint.Plugin.Currency\Pinpoint.Plugin.Currency.csproj", "{EA507851-1DC7-42DD-90EA-5AA68706D85A}"
EndProject
Project("{9A19103F-16F7-4668-BE54-9A1E7A4F7556}") = "Pinpoint.Plugin.MetricConverter", "Pinpoint.Plugin.MetricConverter\Pinpoint.Plugin.MetricConverter.csproj", "{BE1B125B-83C8-46D8-98D1-BFC90A5C90A7}"
EndProject
Project("{9A19103F-16F7-4668-BE54-9A1E7A4F7556}") = "Pinpoint.Plugin.Bangs", "Pinpoint.Plugin.Bangs\Pinpoint.Plugin.Bangs.csproj", "{E6E43586-CA92-4730-BDE3-FE5CDEDBE04A}"
EndProject
Project("{9A19103F-16F7-4668-BE54-9A1E7A4F7556}") = "Pinpoint.Plugin.Everything", "Pinpoint.Plugin.Everything\Pinpoint.Plugin.Everything.csproj", "{64D7C695-163C-4022-A67A-D937907F9300}"
EndProject
Project("{9A19103F-16F7-4668-BE54-9A1E7A4F7556}") = "Pinpoint.Plugin.AppSearch", "Pinpoint.Plugin.AppSearch\Pinpoint.Plugin.AppSearch.csproj", "{D817C3C1-1222-498C-82BB-CFE3DDBD8646}"
EndProject
Project("{9A19103F-16F7-4668-BE54-9A1E7A4F7556}") = "Pinpoint.Plugin.CommandLine", "Pinpoint.Plugin.CommandLine\Pinpoint.Plugin.CommandLine.csproj", "{EE1F0F7D-F303-4408-B059-66C7F0210BA1}"
EndProject
Project("{9A19103F-16F7-4668-BE54-9A1E7A4F7556}") = "Pinpoint.Plugin.Dictionary", "Pinpoint.Plugin.Dictionary\Pinpoint.Plugin.Dictionary.csproj", "{E3602C1B-190D-4E09-94C2-45C8D7C5483C}"
EndProject
Project("{9A19103F-16F7-4668-BE54-9A1E7A4F7556}") = "Pinpoint.Plugin.ControlPanel", "Pinpoint.Plugin.ControlPanel\Pinpoint.Plugin.ControlPanel.csproj", "{D6A22DE3-EC67-4E85-9C57-BAC4CCD5340C}"
EndProject
Project("{9A19103F-16F7-4668-BE54-9A1E7A4F7556}") = "Pinpoint.Plugin.Spotify", "Pinpoint.Plugin.Spotify\Pinpoint.Plugin.Spotify.csproj", "{19E48BA9-ABCA-4104-97E7-B6B421F210A6}"
EndProject
<<<<<<< HEAD
Project("{FAE04EC0-301F-11D3-BF4B-00C04F79EFBC}") = "Pinpoint.Plugin.EncodeDecode", "Pinpoint.Plugin.EncodeDecode\Pinpoint.Plugin.EncodeDecode.csproj", "{C6AE8694-7739-4333-AA76-3AF1707B354C}"
=======
Project("{9A19103F-16F7-4668-BE54-9A1E7A4F7556}") = "Pinpoint.Plugin.Finance", "Pinpoint.Plugin.Finance\Pinpoint.Plugin.Finance.csproj", "{5FD2B98D-A8E1-4F42-A7C4-815CA4CCA4F8}"
EndProject
Project("{FAE04EC0-301F-11D3-BF4B-00C04F79EFBC}") = "Pinpoint.Plugin.HackerNews", "Pinpoint.Plugin.HackerNews\Pinpoint.Plugin.HackerNews.csproj", "{4353E969-AD3F-41E4-9300-94070B6D2881}"
>>>>>>> upstream/master
EndProject
Global
	GlobalSection(SolutionConfigurationPlatforms) = preSolution
		Debug|Any CPU = Debug|Any CPU
		Debug|x64 = Debug|x64
		Debug|x86 = Debug|x86
		Release|Any CPU = Release|Any CPU
		Release|x64 = Release|x64
		Release|x86 = Release|x86
	EndGlobalSection
	GlobalSection(ProjectConfigurationPlatforms) = postSolution
		{81559AE7-3A5C-4953-B02E-EE2CD32EED9B}.Debug|Any CPU.ActiveCfg = Debug|Any CPU
		{81559AE7-3A5C-4953-B02E-EE2CD32EED9B}.Debug|Any CPU.Build.0 = Debug|Any CPU
		{81559AE7-3A5C-4953-B02E-EE2CD32EED9B}.Debug|x64.ActiveCfg = Debug|Any CPU
		{81559AE7-3A5C-4953-B02E-EE2CD32EED9B}.Debug|x64.Build.0 = Debug|Any CPU
		{81559AE7-3A5C-4953-B02E-EE2CD32EED9B}.Debug|x86.ActiveCfg = Debug|Any CPU
		{81559AE7-3A5C-4953-B02E-EE2CD32EED9B}.Debug|x86.Build.0 = Debug|Any CPU
		{81559AE7-3A5C-4953-B02E-EE2CD32EED9B}.Release|Any CPU.ActiveCfg = Release|Any CPU
		{81559AE7-3A5C-4953-B02E-EE2CD32EED9B}.Release|Any CPU.Build.0 = Release|Any CPU
		{81559AE7-3A5C-4953-B02E-EE2CD32EED9B}.Release|x64.ActiveCfg = Release|Any CPU
		{81559AE7-3A5C-4953-B02E-EE2CD32EED9B}.Release|x64.Build.0 = Release|Any CPU
		{81559AE7-3A5C-4953-B02E-EE2CD32EED9B}.Release|x86.ActiveCfg = Release|Any CPU
		{81559AE7-3A5C-4953-B02E-EE2CD32EED9B}.Release|x86.Build.0 = Release|Any CPU
		{10B15234-FF11-4294-B1DF-780691454A9F}.Debug|Any CPU.ActiveCfg = Debug|Any CPU
		{10B15234-FF11-4294-B1DF-780691454A9F}.Debug|Any CPU.Build.0 = Debug|Any CPU
		{10B15234-FF11-4294-B1DF-780691454A9F}.Debug|x64.ActiveCfg = Debug|Any CPU
		{10B15234-FF11-4294-B1DF-780691454A9F}.Debug|x64.Build.0 = Debug|Any CPU
		{10B15234-FF11-4294-B1DF-780691454A9F}.Debug|x86.ActiveCfg = Debug|Any CPU
		{10B15234-FF11-4294-B1DF-780691454A9F}.Debug|x86.Build.0 = Debug|Any CPU
		{10B15234-FF11-4294-B1DF-780691454A9F}.Release|Any CPU.ActiveCfg = Release|Any CPU
		{10B15234-FF11-4294-B1DF-780691454A9F}.Release|Any CPU.Build.0 = Release|Any CPU
		{10B15234-FF11-4294-B1DF-780691454A9F}.Release|x64.ActiveCfg = Release|Any CPU
		{10B15234-FF11-4294-B1DF-780691454A9F}.Release|x64.Build.0 = Release|Any CPU
		{10B15234-FF11-4294-B1DF-780691454A9F}.Release|x86.ActiveCfg = Release|Any CPU
		{10B15234-FF11-4294-B1DF-780691454A9F}.Release|x86.Build.0 = Release|Any CPU
		{F78E1679-338A-431E-AB89-13D5F47C5888}.Debug|Any CPU.ActiveCfg = Debug|Any CPU
		{F78E1679-338A-431E-AB89-13D5F47C5888}.Debug|Any CPU.Build.0 = Debug|Any CPU
		{F78E1679-338A-431E-AB89-13D5F47C5888}.Debug|x64.ActiveCfg = Debug|Any CPU
		{F78E1679-338A-431E-AB89-13D5F47C5888}.Debug|x64.Build.0 = Debug|Any CPU
		{F78E1679-338A-431E-AB89-13D5F47C5888}.Debug|x86.ActiveCfg = Debug|Any CPU
		{F78E1679-338A-431E-AB89-13D5F47C5888}.Debug|x86.Build.0 = Debug|Any CPU
		{F78E1679-338A-431E-AB89-13D5F47C5888}.Release|Any CPU.ActiveCfg = Release|Any CPU
		{F78E1679-338A-431E-AB89-13D5F47C5888}.Release|Any CPU.Build.0 = Release|Any CPU
		{F78E1679-338A-431E-AB89-13D5F47C5888}.Release|x64.ActiveCfg = Release|Any CPU
		{F78E1679-338A-431E-AB89-13D5F47C5888}.Release|x64.Build.0 = Release|Any CPU
		{F78E1679-338A-431E-AB89-13D5F47C5888}.Release|x86.ActiveCfg = Release|Any CPU
		{F78E1679-338A-431E-AB89-13D5F47C5888}.Release|x86.Build.0 = Release|Any CPU
		{E3FBC1E0-DBC0-4761-9818-CDD5B6F2A504}.Debug|Any CPU.ActiveCfg = Debug|Any CPU
		{E3FBC1E0-DBC0-4761-9818-CDD5B6F2A504}.Debug|Any CPU.Build.0 = Debug|Any CPU
		{E3FBC1E0-DBC0-4761-9818-CDD5B6F2A504}.Debug|x64.ActiveCfg = Debug|Any CPU
		{E3FBC1E0-DBC0-4761-9818-CDD5B6F2A504}.Debug|x64.Build.0 = Debug|Any CPU
		{E3FBC1E0-DBC0-4761-9818-CDD5B6F2A504}.Debug|x86.ActiveCfg = Debug|Any CPU
		{E3FBC1E0-DBC0-4761-9818-CDD5B6F2A504}.Debug|x86.Build.0 = Debug|Any CPU
		{E3FBC1E0-DBC0-4761-9818-CDD5B6F2A504}.Release|Any CPU.ActiveCfg = Release|Any CPU
		{E3FBC1E0-DBC0-4761-9818-CDD5B6F2A504}.Release|Any CPU.Build.0 = Release|Any CPU
		{E3FBC1E0-DBC0-4761-9818-CDD5B6F2A504}.Release|x64.ActiveCfg = Release|Any CPU
		{E3FBC1E0-DBC0-4761-9818-CDD5B6F2A504}.Release|x64.Build.0 = Release|Any CPU
		{E3FBC1E0-DBC0-4761-9818-CDD5B6F2A504}.Release|x86.ActiveCfg = Release|Any CPU
		{E3FBC1E0-DBC0-4761-9818-CDD5B6F2A504}.Release|x86.Build.0 = Release|Any CPU
		{EA507851-1DC7-42DD-90EA-5AA68706D85A}.Debug|Any CPU.ActiveCfg = Debug|Any CPU
		{EA507851-1DC7-42DD-90EA-5AA68706D85A}.Debug|Any CPU.Build.0 = Debug|Any CPU
		{EA507851-1DC7-42DD-90EA-5AA68706D85A}.Debug|x64.ActiveCfg = Debug|Any CPU
		{EA507851-1DC7-42DD-90EA-5AA68706D85A}.Debug|x64.Build.0 = Debug|Any CPU
		{EA507851-1DC7-42DD-90EA-5AA68706D85A}.Debug|x86.ActiveCfg = Debug|Any CPU
		{EA507851-1DC7-42DD-90EA-5AA68706D85A}.Debug|x86.Build.0 = Debug|Any CPU
		{EA507851-1DC7-42DD-90EA-5AA68706D85A}.Release|Any CPU.ActiveCfg = Release|Any CPU
		{EA507851-1DC7-42DD-90EA-5AA68706D85A}.Release|Any CPU.Build.0 = Release|Any CPU
		{EA507851-1DC7-42DD-90EA-5AA68706D85A}.Release|x64.ActiveCfg = Release|Any CPU
		{EA507851-1DC7-42DD-90EA-5AA68706D85A}.Release|x64.Build.0 = Release|Any CPU
		{EA507851-1DC7-42DD-90EA-5AA68706D85A}.Release|x86.ActiveCfg = Release|Any CPU
		{EA507851-1DC7-42DD-90EA-5AA68706D85A}.Release|x86.Build.0 = Release|Any CPU
		{BE1B125B-83C8-46D8-98D1-BFC90A5C90A7}.Debug|Any CPU.ActiveCfg = Debug|Any CPU
		{BE1B125B-83C8-46D8-98D1-BFC90A5C90A7}.Debug|Any CPU.Build.0 = Debug|Any CPU
		{BE1B125B-83C8-46D8-98D1-BFC90A5C90A7}.Debug|x64.ActiveCfg = Debug|Any CPU
		{BE1B125B-83C8-46D8-98D1-BFC90A5C90A7}.Debug|x64.Build.0 = Debug|Any CPU
		{BE1B125B-83C8-46D8-98D1-BFC90A5C90A7}.Debug|x86.ActiveCfg = Debug|Any CPU
		{BE1B125B-83C8-46D8-98D1-BFC90A5C90A7}.Debug|x86.Build.0 = Debug|Any CPU
		{BE1B125B-83C8-46D8-98D1-BFC90A5C90A7}.Release|Any CPU.ActiveCfg = Release|Any CPU
		{BE1B125B-83C8-46D8-98D1-BFC90A5C90A7}.Release|Any CPU.Build.0 = Release|Any CPU
		{BE1B125B-83C8-46D8-98D1-BFC90A5C90A7}.Release|x64.ActiveCfg = Release|Any CPU
		{BE1B125B-83C8-46D8-98D1-BFC90A5C90A7}.Release|x64.Build.0 = Release|Any CPU
		{BE1B125B-83C8-46D8-98D1-BFC90A5C90A7}.Release|x86.ActiveCfg = Release|Any CPU
		{BE1B125B-83C8-46D8-98D1-BFC90A5C90A7}.Release|x86.Build.0 = Release|Any CPU
		{E6E43586-CA92-4730-BDE3-FE5CDEDBE04A}.Debug|Any CPU.ActiveCfg = Debug|Any CPU
		{E6E43586-CA92-4730-BDE3-FE5CDEDBE04A}.Debug|Any CPU.Build.0 = Debug|Any CPU
		{E6E43586-CA92-4730-BDE3-FE5CDEDBE04A}.Debug|x64.ActiveCfg = Debug|Any CPU
		{E6E43586-CA92-4730-BDE3-FE5CDEDBE04A}.Debug|x64.Build.0 = Debug|Any CPU
		{E6E43586-CA92-4730-BDE3-FE5CDEDBE04A}.Debug|x86.ActiveCfg = Debug|Any CPU
		{E6E43586-CA92-4730-BDE3-FE5CDEDBE04A}.Debug|x86.Build.0 = Debug|Any CPU
		{E6E43586-CA92-4730-BDE3-FE5CDEDBE04A}.Release|Any CPU.ActiveCfg = Release|Any CPU
		{E6E43586-CA92-4730-BDE3-FE5CDEDBE04A}.Release|Any CPU.Build.0 = Release|Any CPU
		{E6E43586-CA92-4730-BDE3-FE5CDEDBE04A}.Release|x64.ActiveCfg = Release|Any CPU
		{E6E43586-CA92-4730-BDE3-FE5CDEDBE04A}.Release|x64.Build.0 = Release|Any CPU
		{E6E43586-CA92-4730-BDE3-FE5CDEDBE04A}.Release|x86.ActiveCfg = Release|Any CPU
		{E6E43586-CA92-4730-BDE3-FE5CDEDBE04A}.Release|x86.Build.0 = Release|Any CPU
		{64D7C695-163C-4022-A67A-D937907F9300}.Debug|Any CPU.ActiveCfg = Debug|Any CPU
		{64D7C695-163C-4022-A67A-D937907F9300}.Debug|Any CPU.Build.0 = Debug|Any CPU
		{64D7C695-163C-4022-A67A-D937907F9300}.Debug|x64.ActiveCfg = Debug|Any CPU
		{64D7C695-163C-4022-A67A-D937907F9300}.Debug|x64.Build.0 = Debug|Any CPU
		{64D7C695-163C-4022-A67A-D937907F9300}.Debug|x86.ActiveCfg = Debug|Any CPU
		{64D7C695-163C-4022-A67A-D937907F9300}.Debug|x86.Build.0 = Debug|Any CPU
		{64D7C695-163C-4022-A67A-D937907F9300}.Release|Any CPU.ActiveCfg = Release|Any CPU
		{64D7C695-163C-4022-A67A-D937907F9300}.Release|Any CPU.Build.0 = Release|Any CPU
		{64D7C695-163C-4022-A67A-D937907F9300}.Release|x64.ActiveCfg = Release|Any CPU
		{64D7C695-163C-4022-A67A-D937907F9300}.Release|x64.Build.0 = Release|Any CPU
		{64D7C695-163C-4022-A67A-D937907F9300}.Release|x86.ActiveCfg = Release|Any CPU
		{64D7C695-163C-4022-A67A-D937907F9300}.Release|x86.Build.0 = Release|Any CPU
		{D817C3C1-1222-498C-82BB-CFE3DDBD8646}.Debug|Any CPU.ActiveCfg = Debug|Any CPU
		{D817C3C1-1222-498C-82BB-CFE3DDBD8646}.Debug|Any CPU.Build.0 = Debug|Any CPU
		{D817C3C1-1222-498C-82BB-CFE3DDBD8646}.Debug|x64.ActiveCfg = Debug|Any CPU
		{D817C3C1-1222-498C-82BB-CFE3DDBD8646}.Debug|x64.Build.0 = Debug|Any CPU
		{D817C3C1-1222-498C-82BB-CFE3DDBD8646}.Debug|x86.ActiveCfg = Debug|Any CPU
		{D817C3C1-1222-498C-82BB-CFE3DDBD8646}.Debug|x86.Build.0 = Debug|Any CPU
		{D817C3C1-1222-498C-82BB-CFE3DDBD8646}.Release|Any CPU.ActiveCfg = Release|Any CPU
		{D817C3C1-1222-498C-82BB-CFE3DDBD8646}.Release|Any CPU.Build.0 = Release|Any CPU
		{D817C3C1-1222-498C-82BB-CFE3DDBD8646}.Release|x64.ActiveCfg = Release|Any CPU
		{D817C3C1-1222-498C-82BB-CFE3DDBD8646}.Release|x64.Build.0 = Release|Any CPU
		{D817C3C1-1222-498C-82BB-CFE3DDBD8646}.Release|x86.ActiveCfg = Release|Any CPU
		{D817C3C1-1222-498C-82BB-CFE3DDBD8646}.Release|x86.Build.0 = Release|Any CPU
		{EE1F0F7D-F303-4408-B059-66C7F0210BA1}.Debug|Any CPU.ActiveCfg = Debug|Any CPU
		{EE1F0F7D-F303-4408-B059-66C7F0210BA1}.Debug|Any CPU.Build.0 = Debug|Any CPU
		{EE1F0F7D-F303-4408-B059-66C7F0210BA1}.Debug|x64.ActiveCfg = Debug|Any CPU
		{EE1F0F7D-F303-4408-B059-66C7F0210BA1}.Debug|x64.Build.0 = Debug|Any CPU
		{EE1F0F7D-F303-4408-B059-66C7F0210BA1}.Debug|x86.ActiveCfg = Debug|Any CPU
		{EE1F0F7D-F303-4408-B059-66C7F0210BA1}.Debug|x86.Build.0 = Debug|Any CPU
		{EE1F0F7D-F303-4408-B059-66C7F0210BA1}.Release|Any CPU.ActiveCfg = Release|Any CPU
		{EE1F0F7D-F303-4408-B059-66C7F0210BA1}.Release|Any CPU.Build.0 = Release|Any CPU
		{EE1F0F7D-F303-4408-B059-66C7F0210BA1}.Release|x64.ActiveCfg = Release|Any CPU
		{EE1F0F7D-F303-4408-B059-66C7F0210BA1}.Release|x64.Build.0 = Release|Any CPU
		{EE1F0F7D-F303-4408-B059-66C7F0210BA1}.Release|x86.ActiveCfg = Release|Any CPU
		{EE1F0F7D-F303-4408-B059-66C7F0210BA1}.Release|x86.Build.0 = Release|Any CPU
		{E3602C1B-190D-4E09-94C2-45C8D7C5483C}.Debug|Any CPU.ActiveCfg = Debug|Any CPU
		{E3602C1B-190D-4E09-94C2-45C8D7C5483C}.Debug|Any CPU.Build.0 = Debug|Any CPU
		{E3602C1B-190D-4E09-94C2-45C8D7C5483C}.Debug|x64.ActiveCfg = Debug|Any CPU
		{E3602C1B-190D-4E09-94C2-45C8D7C5483C}.Debug|x64.Build.0 = Debug|Any CPU
		{E3602C1B-190D-4E09-94C2-45C8D7C5483C}.Debug|x86.ActiveCfg = Debug|Any CPU
		{E3602C1B-190D-4E09-94C2-45C8D7C5483C}.Debug|x86.Build.0 = Debug|Any CPU
		{E3602C1B-190D-4E09-94C2-45C8D7C5483C}.Release|Any CPU.ActiveCfg = Release|Any CPU
		{E3602C1B-190D-4E09-94C2-45C8D7C5483C}.Release|Any CPU.Build.0 = Release|Any CPU
		{E3602C1B-190D-4E09-94C2-45C8D7C5483C}.Release|x64.ActiveCfg = Release|Any CPU
		{E3602C1B-190D-4E09-94C2-45C8D7C5483C}.Release|x64.Build.0 = Release|Any CPU
		{E3602C1B-190D-4E09-94C2-45C8D7C5483C}.Release|x86.ActiveCfg = Release|Any CPU
		{E3602C1B-190D-4E09-94C2-45C8D7C5483C}.Release|x86.Build.0 = Release|Any CPU
		{D6A22DE3-EC67-4E85-9C57-BAC4CCD5340C}.Debug|Any CPU.ActiveCfg = Debug|Any CPU
		{D6A22DE3-EC67-4E85-9C57-BAC4CCD5340C}.Debug|Any CPU.Build.0 = Debug|Any CPU
		{D6A22DE3-EC67-4E85-9C57-BAC4CCD5340C}.Debug|x64.ActiveCfg = Debug|Any CPU
		{D6A22DE3-EC67-4E85-9C57-BAC4CCD5340C}.Debug|x64.Build.0 = Debug|Any CPU
		{D6A22DE3-EC67-4E85-9C57-BAC4CCD5340C}.Debug|x86.ActiveCfg = Debug|Any CPU
		{D6A22DE3-EC67-4E85-9C57-BAC4CCD5340C}.Debug|x86.Build.0 = Debug|Any CPU
		{D6A22DE3-EC67-4E85-9C57-BAC4CCD5340C}.Release|Any CPU.ActiveCfg = Release|Any CPU
		{D6A22DE3-EC67-4E85-9C57-BAC4CCD5340C}.Release|Any CPU.Build.0 = Release|Any CPU
		{D6A22DE3-EC67-4E85-9C57-BAC4CCD5340C}.Release|x64.ActiveCfg = Release|Any CPU
		{D6A22DE3-EC67-4E85-9C57-BAC4CCD5340C}.Release|x64.Build.0 = Release|Any CPU
		{D6A22DE3-EC67-4E85-9C57-BAC4CCD5340C}.Release|x86.ActiveCfg = Release|Any CPU
		{D6A22DE3-EC67-4E85-9C57-BAC4CCD5340C}.Release|x86.Build.0 = Release|Any CPU
		{19E48BA9-ABCA-4104-97E7-B6B421F210A6}.Debug|Any CPU.ActiveCfg = Debug|Any CPU
		{19E48BA9-ABCA-4104-97E7-B6B421F210A6}.Debug|Any CPU.Build.0 = Debug|Any CPU
		{19E48BA9-ABCA-4104-97E7-B6B421F210A6}.Debug|x64.ActiveCfg = Debug|Any CPU
		{19E48BA9-ABCA-4104-97E7-B6B421F210A6}.Debug|x64.Build.0 = Debug|Any CPU
		{19E48BA9-ABCA-4104-97E7-B6B421F210A6}.Debug|x86.ActiveCfg = Debug|Any CPU
		{19E48BA9-ABCA-4104-97E7-B6B421F210A6}.Debug|x86.Build.0 = Debug|Any CPU
		{19E48BA9-ABCA-4104-97E7-B6B421F210A6}.Release|Any CPU.ActiveCfg = Release|Any CPU
		{19E48BA9-ABCA-4104-97E7-B6B421F210A6}.Release|Any CPU.Build.0 = Release|Any CPU
		{19E48BA9-ABCA-4104-97E7-B6B421F210A6}.Release|x64.ActiveCfg = Release|Any CPU
		{19E48BA9-ABCA-4104-97E7-B6B421F210A6}.Release|x64.Build.0 = Release|Any CPU
		{19E48BA9-ABCA-4104-97E7-B6B421F210A6}.Release|x86.ActiveCfg = Release|Any CPU
		{19E48BA9-ABCA-4104-97E7-B6B421F210A6}.Release|x86.Build.0 = Release|Any CPU
<<<<<<< HEAD
		{C6AE8694-7739-4333-AA76-3AF1707B354C}.Debug|Any CPU.ActiveCfg = Debug|Any CPU
		{C6AE8694-7739-4333-AA76-3AF1707B354C}.Debug|Any CPU.Build.0 = Debug|Any CPU
		{C6AE8694-7739-4333-AA76-3AF1707B354C}.Debug|x64.ActiveCfg = Debug|Any CPU
		{C6AE8694-7739-4333-AA76-3AF1707B354C}.Debug|x64.Build.0 = Debug|Any CPU
		{C6AE8694-7739-4333-AA76-3AF1707B354C}.Debug|x86.ActiveCfg = Debug|Any CPU
		{C6AE8694-7739-4333-AA76-3AF1707B354C}.Debug|x86.Build.0 = Debug|Any CPU
		{C6AE8694-7739-4333-AA76-3AF1707B354C}.Release|Any CPU.ActiveCfg = Release|Any CPU
		{C6AE8694-7739-4333-AA76-3AF1707B354C}.Release|Any CPU.Build.0 = Release|Any CPU
		{C6AE8694-7739-4333-AA76-3AF1707B354C}.Release|x64.ActiveCfg = Release|Any CPU
		{C6AE8694-7739-4333-AA76-3AF1707B354C}.Release|x64.Build.0 = Release|Any CPU
		{C6AE8694-7739-4333-AA76-3AF1707B354C}.Release|x86.ActiveCfg = Release|Any CPU
		{C6AE8694-7739-4333-AA76-3AF1707B354C}.Release|x86.Build.0 = Release|Any CPU
=======
		{5FD2B98D-A8E1-4F42-A7C4-815CA4CCA4F8}.Debug|Any CPU.ActiveCfg = Debug|Any CPU
		{5FD2B98D-A8E1-4F42-A7C4-815CA4CCA4F8}.Debug|Any CPU.Build.0 = Debug|Any CPU
		{5FD2B98D-A8E1-4F42-A7C4-815CA4CCA4F8}.Debug|x64.ActiveCfg = Debug|Any CPU
		{5FD2B98D-A8E1-4F42-A7C4-815CA4CCA4F8}.Debug|x64.Build.0 = Debug|Any CPU
		{5FD2B98D-A8E1-4F42-A7C4-815CA4CCA4F8}.Debug|x86.ActiveCfg = Debug|Any CPU
		{5FD2B98D-A8E1-4F42-A7C4-815CA4CCA4F8}.Debug|x86.Build.0 = Debug|Any CPU
		{5FD2B98D-A8E1-4F42-A7C4-815CA4CCA4F8}.Release|Any CPU.ActiveCfg = Release|Any CPU
		{5FD2B98D-A8E1-4F42-A7C4-815CA4CCA4F8}.Release|Any CPU.Build.0 = Release|Any CPU
		{5FD2B98D-A8E1-4F42-A7C4-815CA4CCA4F8}.Release|x64.ActiveCfg = Release|Any CPU
		{5FD2B98D-A8E1-4F42-A7C4-815CA4CCA4F8}.Release|x64.Build.0 = Release|Any CPU
		{5FD2B98D-A8E1-4F42-A7C4-815CA4CCA4F8}.Release|x86.ActiveCfg = Release|Any CPU
		{5FD2B98D-A8E1-4F42-A7C4-815CA4CCA4F8}.Release|x86.Build.0 = Release|Any CPU
		{4353E969-AD3F-41E4-9300-94070B6D2881}.Debug|Any CPU.ActiveCfg = Debug|Any CPU
		{4353E969-AD3F-41E4-9300-94070B6D2881}.Debug|Any CPU.Build.0 = Debug|Any CPU
		{4353E969-AD3F-41E4-9300-94070B6D2881}.Debug|x64.ActiveCfg = Debug|Any CPU
		{4353E969-AD3F-41E4-9300-94070B6D2881}.Debug|x64.Build.0 = Debug|Any CPU
		{4353E969-AD3F-41E4-9300-94070B6D2881}.Debug|x86.ActiveCfg = Debug|Any CPU
		{4353E969-AD3F-41E4-9300-94070B6D2881}.Debug|x86.Build.0 = Debug|Any CPU
		{4353E969-AD3F-41E4-9300-94070B6D2881}.Release|Any CPU.ActiveCfg = Release|Any CPU
		{4353E969-AD3F-41E4-9300-94070B6D2881}.Release|Any CPU.Build.0 = Release|Any CPU
		{4353E969-AD3F-41E4-9300-94070B6D2881}.Release|x64.ActiveCfg = Release|Any CPU
		{4353E969-AD3F-41E4-9300-94070B6D2881}.Release|x64.Build.0 = Release|Any CPU
		{4353E969-AD3F-41E4-9300-94070B6D2881}.Release|x86.ActiveCfg = Release|Any CPU
		{4353E969-AD3F-41E4-9300-94070B6D2881}.Release|x86.Build.0 = Release|Any CPU
>>>>>>> upstream/master
	EndGlobalSection
	GlobalSection(SolutionProperties) = preSolution
		HideSolutionNode = FALSE
	EndGlobalSection
	GlobalSection(ExtensibilityGlobals) = postSolution
		SolutionGuid = {4CCC0142-479D-4515-9482-E1C492FBE21D}
	EndGlobalSection
EndGlobal
