Microsoft Visual Studio Solution File, Format Version 12.00
# Visual Studio Version 17
VisualStudioVersion = 17.0.32014.148
MinimumVisualStudioVersion = 15.0.26124.0
Project("{9A19103F-16F7-4668-BE54-9A1E7A4F7556}") = "Pinpoint.Win", "Pinpoint.Win\Pinpoint.Win.csproj", "{81559AE7-3A5C-4953-B02E-EE2CD32EED9B}"
EndProject
Project("{9A19103F-16F7-4668-BE54-9A1E7A4F7556}") = "Pinpoint.Core", "Pinpoint.Core\Pinpoint.Core.csproj", "{F78E1679-338A-431E-AB89-13D5F47C5888}"
EndProject
Project("{9A19103F-16F7-4668-BE54-9A1E7A4F7556}") = "Pinpoint.Plugin.Calculator", "Pinpoint.Plugin.Calculator\Pinpoint.Plugin.Calculator.csproj", "{E3FBC1E0-DBC0-4761-9818-CDD5B6F2A504}"
EndProject
Project("{9A19103F-16F7-4668-BE54-9A1E7A4F7556}") = "Pinpoint.Plugin.Currency", "Pinpoint.Plugin.Currency\Pinpoint.Plugin.Currency.csproj", "{EA507851-1DC7-42DD-90EA-5AA68706D85A}"
EndProject
Project("{9A19103F-16F7-4668-BE54-9A1E7A4F7556}") = "Pinpoint.Plugin.MetricConverter", "Pinpoint.Plugin.MetricConverter\Pinpoint.Plugin.MetricConverter.csproj", "{BE1B125B-83C8-46D8-98D1-BFC90A5C90A7}"
EndProject
Project("{9A19103F-16F7-4668-BE54-9A1E7A4F7556}") = "Pinpoint.Plugin.Bangs", "Pinpoint.Plugin.Bangs\Pinpoint.Plugin.Bangs.csproj", "{E6E43586-CA92-4730-BDE3-FE5CDEDBE04A}"
EndProject
Project("{9A19103F-16F7-4668-BE54-9A1E7A4F7556}") = "Pinpoint.Plugin.Everything", "Pinpoint.Plugin.Everything\Pinpoint.Plugin.Everything.csproj", "{64D7C695-163C-4022-A67A-D937907F9300}"
EndProject
Project("{9A19103F-16F7-4668-BE54-9A1E7A4F7556}") = "Pinpoint.Plugin.AppSearch", "Pinpoint.Plugin.AppSearch\Pinpoint.Plugin.AppSearch.csproj", "{D817C3C1-1222-498C-82BB-CFE3DDBD8646}"
EndProject
Project("{9A19103F-16F7-4668-BE54-9A1E7A4F7556}") = "Pinpoint.Plugin.CommandLine", "Pinpoint.Plugin.CommandLine\Pinpoint.Plugin.CommandLine.csproj", "{EE1F0F7D-F303-4408-B059-66C7F0210BA1}"
EndProject
Project("{9A19103F-16F7-4668-BE54-9A1E7A4F7556}") = "Pinpoint.Plugin.Dictionary", "Pinpoint.Plugin.Dictionary\Pinpoint.Plugin.Dictionary.csproj", "{E3602C1B-190D-4E09-94C2-45C8D7C5483C}"
EndProject
Project("{9A19103F-16F7-4668-BE54-9A1E7A4F7556}") = "Pinpoint.Plugin.ControlPanel", "Pinpoint.Plugin.ControlPanel\Pinpoint.Plugin.ControlPanel.csproj", "{D6A22DE3-EC67-4E85-9C57-BAC4CCD5340C}"
EndProject
Project("{9A19103F-16F7-4668-BE54-9A1E7A4F7556}") = "Pinpoint.Plugin.Spotify", "Pinpoint.Plugin.Spotify\Pinpoint.Plugin.Spotify.csproj", "{19E48BA9-ABCA-4104-97E7-B6B421F210A6}"
EndProject
Project("{9A19103F-16F7-4668-BE54-9A1E7A4F7556}") = "Pinpoint.Plugin.EncodeDecode", "Pinpoint.Plugin.EncodeDecode\Pinpoint.Plugin.EncodeDecode.csproj", "{C6AE8694-7739-4333-AA76-3AF1707B354C}"
EndProject
Project("{9A19103F-16F7-4668-BE54-9A1E7A4F7556}") = "Pinpoint.Plugin.Finance", "Pinpoint.Plugin.Finance\Pinpoint.Plugin.Finance.csproj", "{5FD2B98D-A8E1-4F42-A7C4-815CA4CCA4F8}"
EndProject
Project("{9A19103F-16F7-4668-BE54-9A1E7A4F7556}") = "Pinpoint.Plugin.HackerNews", "Pinpoint.Plugin.HackerNews\Pinpoint.Plugin.HackerNews.csproj", "{4353E969-AD3F-41E4-9300-94070B6D2881}"
EndProject
Project("{9A19103F-16F7-4668-BE54-9A1E7A4F7556}") = "Pinpoint.Plugin.Bookmarks", "Pinpoint.Plugin.Bookmarks\Pinpoint.Plugin.Bookmarks.csproj", "{27028161-0136-41CD-B374-64046F97FCAD}"
EndProject
Project("{9A19103F-16F7-4668-BE54-9A1E7A4F7556}") = "Pinpoint.Plugin.Notes", "Pinpoint.Plugin.Notes\Pinpoint.Plugin.Notes.csproj", "{2E1242BC-19BB-4973-990E-7A47F8D1AD7F}"
EndProject
Project("{9A19103F-16F7-4668-BE54-9A1E7A4F7556}") = "Pinpoint.Plugin.ColorConverter", "Pinpoint.Plugin.ColorConverter\Pinpoint.Plugin.ColorConverter.csproj", "{6076A77D-D040-411E-B20E-D893EDFE6AF6}"
EndProject
Project("{9A19103F-16F7-4668-BE54-9A1E7A4F7556}") = "Pinpoint.Plugin.UrlLauncher", "Pinpoint.Plugin.UrlLauncher\Pinpoint.Plugin.UrlLauncher.csproj", "{0ED3DFB2-856E-4118-8EAD-C14594BD0444}"
EndProject
Project("{9A19103F-16F7-4668-BE54-9A1E7A4F7556}") = "Pinpoint.Plugin.PasswordGenerator", "Pinpoint.Plugin.PasswordGenerator\Pinpoint.Plugin.PasswordGenerator.csproj", "{A4568B08-D408-44A0-8AC2-48D157EF9EBE}"
EndProject
Project("{9A19103F-16F7-4668-BE54-9A1E7A4F7556}") = "Pinpoint.Plugin.ClipboardManager", "Pinpoint.Plugin.ClipboardManager\Pinpoint.Plugin.ClipboardManager.csproj", "{F9C5B8EE-A051-4A17-AD2C-484EE7734178}"
EndProject
Project("{9A19103F-16F7-4668-BE54-9A1E7A4F7556}") = "Pinpoint.Plugin.Weather", "Pinpoint.Plugin.Weather\Pinpoint.Plugin.Weather.csproj", "{F0F787B4-052F-425F-AA8B-4689BAE9449B}"
EndProject
Project("{9A19103F-16F7-4668-BE54-9A1E7A4F7556}") = "Pinpoint.Plugin.OperatingSystem", "Pinpoint.Plugin.OperatingSystem\Pinpoint.Plugin.OperatingSystem.csproj", "{B0963373-8E94-42B9-8EF5-3262931A0640}"
EndProject
Project("{9A19103F-16F7-4668-BE54-9A1E7A4F7556}") = "Pinpoint.Plugin.ProcessManager", "Pinpoint.Plugin.ProcessManager\Pinpoint.Plugin.ProcessManager.csproj", "{CC02F3D3-F7D0-4E99-84B7-290D81B75AE8}"
EndProject
Project("{9A19103F-16F7-4668-BE54-9A1E7A4F7556}") = "Pinpoint.Plugin.Text", "Pinpoint.Plugin.Text\Pinpoint.Plugin.Text.csproj", "{C53269BE-0D5C-4123-88C1-E962A4B66738}"
EndProject
Project("{9A19103F-16F7-4668-BE54-9A1E7A4F7556}") = "Pinpoint.Plugin.ClipboardUploader", "Pinpoint.Plugin.ClipboardUploader\Pinpoint.Plugin.ClipboardUploader.csproj", "{E90E2836-B1B8-4B7F-91CE-10DF7DF66318}"
EndProject
Project("{9A19103F-16F7-4668-BE54-9A1E7A4F7556}") = "Pinpoint.Plugin.Timezone", "Pinpoint.Plugin.Timezone\Pinpoint.Plugin.Timezone.csproj", "{44D64A86-4965-4937-A077-5C1065ED2298}"
EndProject
Project("{9A19103F-16F7-4668-BE54-9A1E7A4F7556}") = "Pinpoint.Plugin.Translate", "Pinpoint.Plugin.Translate\Pinpoint.Plugin.Translate.csproj", "{8D3C61AC-B7F2-482D-94AD-25CB94193ADF}"
EndProject
Project("{FAE04EC0-301F-11D3-BF4B-00C04F79EFBC}") = "Pinpoint.Plugin.Shortcuts", "Pinpoint.Plugin.Shortcuts\Pinpoint.Plugin.Shortcuts.csproj", "{1527D0F7-2320-4E85-A122-AFAB4E546877}"
EndProject
Project("{FAE04EC0-301F-11D3-BF4B-00C04F79EFBC}") = "Pinpoint.Plugin.Emoji", "Pinpoint.Plugin.Emoji\Pinpoint.Plugin.Emoji.csproj", "{33C9E3CF-1D56-4CB2-8A2E-D9A804E7D72A}"
EndProject
Project("{FAE04EC0-301F-11D3-BF4B-00C04F79EFBC}") = "Pinpoint.Plugin.OpenAI", "Pinpoint.Plugin.OpenAI\Pinpoint.Plugin.OpenAI.csproj", "{E2F969CA-A20D-4331-BBE1-22F3A4B40EF4}"
EndProject
Global
	GlobalSection(SolutionConfigurationPlatforms) = preSolution
		Debug|Any CPU = Debug|Any CPU
		Debug|x64 = Debug|x64
		Debug|x86 = Debug|x86
		Release|Any CPU = Release|Any CPU
		Release|x64 = Release|x64
		Release|x86 = Release|x86
	EndGlobalSection
	GlobalSection(ProjectConfigurationPlatforms) = postSolution
		{81559AE7-3A5C-4953-B02E-EE2CD32EED9B}.Debug|Any CPU.ActiveCfg = Debug|Any CPU
		{81559AE7-3A5C-4953-B02E-EE2CD32EED9B}.Debug|Any CPU.Build.0 = Debug|Any CPU
		{81559AE7-3A5C-4953-B02E-EE2CD32EED9B}.Debug|x64.ActiveCfg = Debug|Any CPU
		{81559AE7-3A5C-4953-B02E-EE2CD32EED9B}.Debug|x64.Build.0 = Debug|Any CPU
		{81559AE7-3A5C-4953-B02E-EE2CD32EED9B}.Debug|x86.ActiveCfg = Debug|Any CPU
		{81559AE7-3A5C-4953-B02E-EE2CD32EED9B}.Debug|x86.Build.0 = Debug|Any CPU
		{81559AE7-3A5C-4953-B02E-EE2CD32EED9B}.Release|Any CPU.ActiveCfg = Release|Any CPU
		{81559AE7-3A5C-4953-B02E-EE2CD32EED9B}.Release|Any CPU.Build.0 = Release|Any CPU
		{81559AE7-3A5C-4953-B02E-EE2CD32EED9B}.Release|x64.ActiveCfg = Release|Any CPU
		{81559AE7-3A5C-4953-B02E-EE2CD32EED9B}.Release|x64.Build.0 = Release|Any CPU
		{81559AE7-3A5C-4953-B02E-EE2CD32EED9B}.Release|x86.ActiveCfg = Release|Any CPU
		{81559AE7-3A5C-4953-B02E-EE2CD32EED9B}.Release|x86.Build.0 = Release|Any CPU
		{F78E1679-338A-431E-AB89-13D5F47C5888}.Debug|Any CPU.ActiveCfg = Debug|Any CPU
		{F78E1679-338A-431E-AB89-13D5F47C5888}.Debug|Any CPU.Build.0 = Debug|Any CPU
		{F78E1679-338A-431E-AB89-13D5F47C5888}.Debug|x64.ActiveCfg = Debug|Any CPU
		{F78E1679-338A-431E-AB89-13D5F47C5888}.Debug|x64.Build.0 = Debug|Any CPU
		{F78E1679-338A-431E-AB89-13D5F47C5888}.Debug|x86.ActiveCfg = Debug|Any CPU
		{F78E1679-338A-431E-AB89-13D5F47C5888}.Debug|x86.Build.0 = Debug|Any CPU
		{F78E1679-338A-431E-AB89-13D5F47C5888}.Release|Any CPU.ActiveCfg = Release|Any CPU
		{F78E1679-338A-431E-AB89-13D5F47C5888}.Release|Any CPU.Build.0 = Release|Any CPU
		{F78E1679-338A-431E-AB89-13D5F47C5888}.Release|x64.ActiveCfg = Release|Any CPU
		{F78E1679-338A-431E-AB89-13D5F47C5888}.Release|x64.Build.0 = Release|Any CPU
		{F78E1679-338A-431E-AB89-13D5F47C5888}.Release|x86.ActiveCfg = Release|Any CPU
		{F78E1679-338A-431E-AB89-13D5F47C5888}.Release|x86.Build.0 = Release|Any CPU
		{E3FBC1E0-DBC0-4761-9818-CDD5B6F2A504}.Debug|Any CPU.ActiveCfg = Debug|Any CPU
		{E3FBC1E0-DBC0-4761-9818-CDD5B6F2A504}.Debug|Any CPU.Build.0 = Debug|Any CPU
		{E3FBC1E0-DBC0-4761-9818-CDD5B6F2A504}.Debug|x64.ActiveCfg = Debug|Any CPU
		{E3FBC1E0-DBC0-4761-9818-CDD5B6F2A504}.Debug|x64.Build.0 = Debug|Any CPU
		{E3FBC1E0-DBC0-4761-9818-CDD5B6F2A504}.Debug|x86.ActiveCfg = Debug|Any CPU
		{E3FBC1E0-DBC0-4761-9818-CDD5B6F2A504}.Debug|x86.Build.0 = Debug|Any CPU
		{E3FBC1E0-DBC0-4761-9818-CDD5B6F2A504}.Release|Any CPU.ActiveCfg = Release|Any CPU
		{E3FBC1E0-DBC0-4761-9818-CDD5B6F2A504}.Release|Any CPU.Build.0 = Release|Any CPU
		{E3FBC1E0-DBC0-4761-9818-CDD5B6F2A504}.Release|x64.ActiveCfg = Release|Any CPU
		{E3FBC1E0-DBC0-4761-9818-CDD5B6F2A504}.Release|x64.Build.0 = Release|Any CPU
		{E3FBC1E0-DBC0-4761-9818-CDD5B6F2A504}.Release|x86.ActiveCfg = Release|Any CPU
		{E3FBC1E0-DBC0-4761-9818-CDD5B6F2A504}.Release|x86.Build.0 = Release|Any CPU
		{EA507851-1DC7-42DD-90EA-5AA68706D85A}.Debug|Any CPU.ActiveCfg = Debug|Any CPU
		{EA507851-1DC7-42DD-90EA-5AA68706D85A}.Debug|Any CPU.Build.0 = Debug|Any CPU
		{EA507851-1DC7-42DD-90EA-5AA68706D85A}.Debug|x64.ActiveCfg = Debug|Any CPU
		{EA507851-1DC7-42DD-90EA-5AA68706D85A}.Debug|x64.Build.0 = Debug|Any CPU
		{EA507851-1DC7-42DD-90EA-5AA68706D85A}.Debug|x86.ActiveCfg = Debug|Any CPU
		{EA507851-1DC7-42DD-90EA-5AA68706D85A}.Debug|x86.Build.0 = Debug|Any CPU
		{EA507851-1DC7-42DD-90EA-5AA68706D85A}.Release|Any CPU.ActiveCfg = Release|Any CPU
		{EA507851-1DC7-42DD-90EA-5AA68706D85A}.Release|Any CPU.Build.0 = Release|Any CPU
		{EA507851-1DC7-42DD-90EA-5AA68706D85A}.Release|x64.ActiveCfg = Release|Any CPU
		{EA507851-1DC7-42DD-90EA-5AA68706D85A}.Release|x64.Build.0 = Release|Any CPU
		{EA507851-1DC7-42DD-90EA-5AA68706D85A}.Release|x86.ActiveCfg = Release|Any CPU
		{EA507851-1DC7-42DD-90EA-5AA68706D85A}.Release|x86.Build.0 = Release|Any CPU
		{BE1B125B-83C8-46D8-98D1-BFC90A5C90A7}.Debug|Any CPU.ActiveCfg = Debug|Any CPU
		{BE1B125B-83C8-46D8-98D1-BFC90A5C90A7}.Debug|Any CPU.Build.0 = Debug|Any CPU
		{BE1B125B-83C8-46D8-98D1-BFC90A5C90A7}.Debug|x64.ActiveCfg = Debug|Any CPU
		{BE1B125B-83C8-46D8-98D1-BFC90A5C90A7}.Debug|x64.Build.0 = Debug|Any CPU
		{BE1B125B-83C8-46D8-98D1-BFC90A5C90A7}.Debug|x86.ActiveCfg = Debug|Any CPU
		{BE1B125B-83C8-46D8-98D1-BFC90A5C90A7}.Debug|x86.Build.0 = Debug|Any CPU
		{BE1B125B-83C8-46D8-98D1-BFC90A5C90A7}.Release|Any CPU.ActiveCfg = Release|Any CPU
		{BE1B125B-83C8-46D8-98D1-BFC90A5C90A7}.Release|Any CPU.Build.0 = Release|Any CPU
		{BE1B125B-83C8-46D8-98D1-BFC90A5C90A7}.Release|x64.ActiveCfg = Release|Any CPU
		{BE1B125B-83C8-46D8-98D1-BFC90A5C90A7}.Release|x64.Build.0 = Release|Any CPU
		{BE1B125B-83C8-46D8-98D1-BFC90A5C90A7}.Release|x86.ActiveCfg = Release|Any CPU
		{BE1B125B-83C8-46D8-98D1-BFC90A5C90A7}.Release|x86.Build.0 = Release|Any CPU
		{E6E43586-CA92-4730-BDE3-FE5CDEDBE04A}.Debug|Any CPU.ActiveCfg = Debug|Any CPU
		{E6E43586-CA92-4730-BDE3-FE5CDEDBE04A}.Debug|Any CPU.Build.0 = Debug|Any CPU
		{E6E43586-CA92-4730-BDE3-FE5CDEDBE04A}.Debug|x64.ActiveCfg = Debug|Any CPU
		{E6E43586-CA92-4730-BDE3-FE5CDEDBE04A}.Debug|x64.Build.0 = Debug|Any CPU
		{E6E43586-CA92-4730-BDE3-FE5CDEDBE04A}.Debug|x86.ActiveCfg = Debug|Any CPU
		{E6E43586-CA92-4730-BDE3-FE5CDEDBE04A}.Debug|x86.Build.0 = Debug|Any CPU
		{E6E43586-CA92-4730-BDE3-FE5CDEDBE04A}.Release|Any CPU.ActiveCfg = Release|Any CPU
		{E6E43586-CA92-4730-BDE3-FE5CDEDBE04A}.Release|Any CPU.Build.0 = Release|Any CPU
		{E6E43586-CA92-4730-BDE3-FE5CDEDBE04A}.Release|x64.ActiveCfg = Release|Any CPU
		{E6E43586-CA92-4730-BDE3-FE5CDEDBE04A}.Release|x64.Build.0 = Release|Any CPU
		{E6E43586-CA92-4730-BDE3-FE5CDEDBE04A}.Release|x86.ActiveCfg = Release|Any CPU
		{E6E43586-CA92-4730-BDE3-FE5CDEDBE04A}.Release|x86.Build.0 = Release|Any CPU
		{64D7C695-163C-4022-A67A-D937907F9300}.Debug|Any CPU.ActiveCfg = Debug|Any CPU
		{64D7C695-163C-4022-A67A-D937907F9300}.Debug|Any CPU.Build.0 = Debug|Any CPU
		{64D7C695-163C-4022-A67A-D937907F9300}.Debug|x64.ActiveCfg = Debug|Any CPU
		{64D7C695-163C-4022-A67A-D937907F9300}.Debug|x64.Build.0 = Debug|Any CPU
		{64D7C695-163C-4022-A67A-D937907F9300}.Debug|x86.ActiveCfg = Debug|Any CPU
		{64D7C695-163C-4022-A67A-D937907F9300}.Debug|x86.Build.0 = Debug|Any CPU
		{64D7C695-163C-4022-A67A-D937907F9300}.Release|Any CPU.ActiveCfg = Release|Any CPU
		{64D7C695-163C-4022-A67A-D937907F9300}.Release|Any CPU.Build.0 = Release|Any CPU
		{64D7C695-163C-4022-A67A-D937907F9300}.Release|x64.ActiveCfg = Release|Any CPU
		{64D7C695-163C-4022-A67A-D937907F9300}.Release|x64.Build.0 = Release|Any CPU
		{64D7C695-163C-4022-A67A-D937907F9300}.Release|x86.ActiveCfg = Release|Any CPU
		{64D7C695-163C-4022-A67A-D937907F9300}.Release|x86.Build.0 = Release|Any CPU
		{D817C3C1-1222-498C-82BB-CFE3DDBD8646}.Debug|Any CPU.ActiveCfg = Debug|Any CPU
		{D817C3C1-1222-498C-82BB-CFE3DDBD8646}.Debug|Any CPU.Build.0 = Debug|Any CPU
		{D817C3C1-1222-498C-82BB-CFE3DDBD8646}.Debug|x64.ActiveCfg = Debug|Any CPU
		{D817C3C1-1222-498C-82BB-CFE3DDBD8646}.Debug|x64.Build.0 = Debug|Any CPU
		{D817C3C1-1222-498C-82BB-CFE3DDBD8646}.Debug|x86.ActiveCfg = Debug|Any CPU
		{D817C3C1-1222-498C-82BB-CFE3DDBD8646}.Debug|x86.Build.0 = Debug|Any CPU
		{D817C3C1-1222-498C-82BB-CFE3DDBD8646}.Release|Any CPU.ActiveCfg = Release|Any CPU
		{D817C3C1-1222-498C-82BB-CFE3DDBD8646}.Release|Any CPU.Build.0 = Release|Any CPU
		{D817C3C1-1222-498C-82BB-CFE3DDBD8646}.Release|x64.ActiveCfg = Release|Any CPU
		{D817C3C1-1222-498C-82BB-CFE3DDBD8646}.Release|x64.Build.0 = Release|Any CPU
		{D817C3C1-1222-498C-82BB-CFE3DDBD8646}.Release|x86.ActiveCfg = Release|Any CPU
		{D817C3C1-1222-498C-82BB-CFE3DDBD8646}.Release|x86.Build.0 = Release|Any CPU
		{EE1F0F7D-F303-4408-B059-66C7F0210BA1}.Debug|Any CPU.ActiveCfg = Debug|Any CPU
		{EE1F0F7D-F303-4408-B059-66C7F0210BA1}.Debug|Any CPU.Build.0 = Debug|Any CPU
		{EE1F0F7D-F303-4408-B059-66C7F0210BA1}.Debug|x64.ActiveCfg = Debug|Any CPU
		{EE1F0F7D-F303-4408-B059-66C7F0210BA1}.Debug|x64.Build.0 = Debug|Any CPU
		{EE1F0F7D-F303-4408-B059-66C7F0210BA1}.Debug|x86.ActiveCfg = Debug|Any CPU
		{EE1F0F7D-F303-4408-B059-66C7F0210BA1}.Debug|x86.Build.0 = Debug|Any CPU
		{EE1F0F7D-F303-4408-B059-66C7F0210BA1}.Release|Any CPU.ActiveCfg = Release|Any CPU
		{EE1F0F7D-F303-4408-B059-66C7F0210BA1}.Release|Any CPU.Build.0 = Release|Any CPU
		{EE1F0F7D-F303-4408-B059-66C7F0210BA1}.Release|x64.ActiveCfg = Release|Any CPU
		{EE1F0F7D-F303-4408-B059-66C7F0210BA1}.Release|x64.Build.0 = Release|Any CPU
		{EE1F0F7D-F303-4408-B059-66C7F0210BA1}.Release|x86.ActiveCfg = Release|Any CPU
		{EE1F0F7D-F303-4408-B059-66C7F0210BA1}.Release|x86.Build.0 = Release|Any CPU
		{E3602C1B-190D-4E09-94C2-45C8D7C5483C}.Debug|Any CPU.ActiveCfg = Debug|Any CPU
		{E3602C1B-190D-4E09-94C2-45C8D7C5483C}.Debug|Any CPU.Build.0 = Debug|Any CPU
		{E3602C1B-190D-4E09-94C2-45C8D7C5483C}.Debug|x64.ActiveCfg = Debug|Any CPU
		{E3602C1B-190D-4E09-94C2-45C8D7C5483C}.Debug|x64.Build.0 = Debug|Any CPU
		{E3602C1B-190D-4E09-94C2-45C8D7C5483C}.Debug|x86.ActiveCfg = Debug|Any CPU
		{E3602C1B-190D-4E09-94C2-45C8D7C5483C}.Debug|x86.Build.0 = Debug|Any CPU
		{E3602C1B-190D-4E09-94C2-45C8D7C5483C}.Release|Any CPU.ActiveCfg = Release|Any CPU
		{E3602C1B-190D-4E09-94C2-45C8D7C5483C}.Release|Any CPU.Build.0 = Release|Any CPU
		{E3602C1B-190D-4E09-94C2-45C8D7C5483C}.Release|x64.ActiveCfg = Release|Any CPU
		{E3602C1B-190D-4E09-94C2-45C8D7C5483C}.Release|x64.Build.0 = Release|Any CPU
		{E3602C1B-190D-4E09-94C2-45C8D7C5483C}.Release|x86.ActiveCfg = Release|Any CPU
		{E3602C1B-190D-4E09-94C2-45C8D7C5483C}.Release|x86.Build.0 = Release|Any CPU
		{D6A22DE3-EC67-4E85-9C57-BAC4CCD5340C}.Debug|Any CPU.ActiveCfg = Debug|Any CPU
		{D6A22DE3-EC67-4E85-9C57-BAC4CCD5340C}.Debug|Any CPU.Build.0 = Debug|Any CPU
		{D6A22DE3-EC67-4E85-9C57-BAC4CCD5340C}.Debug|x64.ActiveCfg = Debug|Any CPU
		{D6A22DE3-EC67-4E85-9C57-BAC4CCD5340C}.Debug|x64.Build.0 = Debug|Any CPU
		{D6A22DE3-EC67-4E85-9C57-BAC4CCD5340C}.Debug|x86.ActiveCfg = Debug|Any CPU
		{D6A22DE3-EC67-4E85-9C57-BAC4CCD5340C}.Debug|x86.Build.0 = Debug|Any CPU
		{D6A22DE3-EC67-4E85-9C57-BAC4CCD5340C}.Release|Any CPU.ActiveCfg = Release|Any CPU
		{D6A22DE3-EC67-4E85-9C57-BAC4CCD5340C}.Release|Any CPU.Build.0 = Release|Any CPU
		{D6A22DE3-EC67-4E85-9C57-BAC4CCD5340C}.Release|x64.ActiveCfg = Release|Any CPU
		{D6A22DE3-EC67-4E85-9C57-BAC4CCD5340C}.Release|x64.Build.0 = Release|Any CPU
		{D6A22DE3-EC67-4E85-9C57-BAC4CCD5340C}.Release|x86.ActiveCfg = Release|Any CPU
		{D6A22DE3-EC67-4E85-9C57-BAC4CCD5340C}.Release|x86.Build.0 = Release|Any CPU
		{19E48BA9-ABCA-4104-97E7-B6B421F210A6}.Debug|Any CPU.ActiveCfg = Debug|Any CPU
		{19E48BA9-ABCA-4104-97E7-B6B421F210A6}.Debug|Any CPU.Build.0 = Debug|Any CPU
		{19E48BA9-ABCA-4104-97E7-B6B421F210A6}.Debug|x64.ActiveCfg = Debug|Any CPU
		{19E48BA9-ABCA-4104-97E7-B6B421F210A6}.Debug|x64.Build.0 = Debug|Any CPU
		{19E48BA9-ABCA-4104-97E7-B6B421F210A6}.Debug|x86.ActiveCfg = Debug|Any CPU
		{19E48BA9-ABCA-4104-97E7-B6B421F210A6}.Debug|x86.Build.0 = Debug|Any CPU
		{19E48BA9-ABCA-4104-97E7-B6B421F210A6}.Release|Any CPU.ActiveCfg = Release|Any CPU
		{19E48BA9-ABCA-4104-97E7-B6B421F210A6}.Release|Any CPU.Build.0 = Release|Any CPU
		{19E48BA9-ABCA-4104-97E7-B6B421F210A6}.Release|x64.ActiveCfg = Release|Any CPU
		{19E48BA9-ABCA-4104-97E7-B6B421F210A6}.Release|x64.Build.0 = Release|Any CPU
		{19E48BA9-ABCA-4104-97E7-B6B421F210A6}.Release|x86.ActiveCfg = Release|Any CPU
		{19E48BA9-ABCA-4104-97E7-B6B421F210A6}.Release|x86.Build.0 = Release|Any CPU
		{C6AE8694-7739-4333-AA76-3AF1707B354C}.Debug|Any CPU.ActiveCfg = Debug|Any CPU
		{C6AE8694-7739-4333-AA76-3AF1707B354C}.Debug|Any CPU.Build.0 = Debug|Any CPU
		{C6AE8694-7739-4333-AA76-3AF1707B354C}.Debug|x64.ActiveCfg = Debug|Any CPU
		{C6AE8694-7739-4333-AA76-3AF1707B354C}.Debug|x64.Build.0 = Debug|Any CPU
		{C6AE8694-7739-4333-AA76-3AF1707B354C}.Debug|x86.ActiveCfg = Debug|Any CPU
		{C6AE8694-7739-4333-AA76-3AF1707B354C}.Debug|x86.Build.0 = Debug|Any CPU
		{C6AE8694-7739-4333-AA76-3AF1707B354C}.Release|Any CPU.ActiveCfg = Release|Any CPU
		{C6AE8694-7739-4333-AA76-3AF1707B354C}.Release|Any CPU.Build.0 = Release|Any CPU
		{C6AE8694-7739-4333-AA76-3AF1707B354C}.Release|x64.ActiveCfg = Release|Any CPU
		{C6AE8694-7739-4333-AA76-3AF1707B354C}.Release|x64.Build.0 = Release|Any CPU
		{C6AE8694-7739-4333-AA76-3AF1707B354C}.Release|x86.ActiveCfg = Release|Any CPU
		{C6AE8694-7739-4333-AA76-3AF1707B354C}.Release|x86.Build.0 = Release|Any CPU
		{5FD2B98D-A8E1-4F42-A7C4-815CA4CCA4F8}.Debug|Any CPU.ActiveCfg = Debug|Any CPU
		{5FD2B98D-A8E1-4F42-A7C4-815CA4CCA4F8}.Debug|Any CPU.Build.0 = Debug|Any CPU
		{5FD2B98D-A8E1-4F42-A7C4-815CA4CCA4F8}.Debug|x64.ActiveCfg = Debug|Any CPU
		{5FD2B98D-A8E1-4F42-A7C4-815CA4CCA4F8}.Debug|x64.Build.0 = Debug|Any CPU
		{5FD2B98D-A8E1-4F42-A7C4-815CA4CCA4F8}.Debug|x86.ActiveCfg = Debug|Any CPU
		{5FD2B98D-A8E1-4F42-A7C4-815CA4CCA4F8}.Debug|x86.Build.0 = Debug|Any CPU
		{5FD2B98D-A8E1-4F42-A7C4-815CA4CCA4F8}.Release|Any CPU.ActiveCfg = Release|Any CPU
		{5FD2B98D-A8E1-4F42-A7C4-815CA4CCA4F8}.Release|Any CPU.Build.0 = Release|Any CPU
		{5FD2B98D-A8E1-4F42-A7C4-815CA4CCA4F8}.Release|x64.ActiveCfg = Release|Any CPU
		{5FD2B98D-A8E1-4F42-A7C4-815CA4CCA4F8}.Release|x64.Build.0 = Release|Any CPU
		{5FD2B98D-A8E1-4F42-A7C4-815CA4CCA4F8}.Release|x86.ActiveCfg = Release|Any CPU
		{5FD2B98D-A8E1-4F42-A7C4-815CA4CCA4F8}.Release|x86.Build.0 = Release|Any CPU
		{4353E969-AD3F-41E4-9300-94070B6D2881}.Debug|Any CPU.ActiveCfg = Debug|Any CPU
		{4353E969-AD3F-41E4-9300-94070B6D2881}.Debug|Any CPU.Build.0 = Debug|Any CPU
		{4353E969-AD3F-41E4-9300-94070B6D2881}.Debug|x64.ActiveCfg = Debug|Any CPU
		{4353E969-AD3F-41E4-9300-94070B6D2881}.Debug|x64.Build.0 = Debug|Any CPU
		{4353E969-AD3F-41E4-9300-94070B6D2881}.Debug|x86.ActiveCfg = Debug|Any CPU
		{4353E969-AD3F-41E4-9300-94070B6D2881}.Debug|x86.Build.0 = Debug|Any CPU
		{4353E969-AD3F-41E4-9300-94070B6D2881}.Release|Any CPU.ActiveCfg = Release|Any CPU
		{4353E969-AD3F-41E4-9300-94070B6D2881}.Release|Any CPU.Build.0 = Release|Any CPU
		{4353E969-AD3F-41E4-9300-94070B6D2881}.Release|x64.ActiveCfg = Release|Any CPU
		{4353E969-AD3F-41E4-9300-94070B6D2881}.Release|x64.Build.0 = Release|Any CPU
		{4353E969-AD3F-41E4-9300-94070B6D2881}.Release|x86.ActiveCfg = Release|Any CPU
		{4353E969-AD3F-41E4-9300-94070B6D2881}.Release|x86.Build.0 = Release|Any CPU
		{27028161-0136-41CD-B374-64046F97FCAD}.Debug|Any CPU.ActiveCfg = Debug|Any CPU
		{27028161-0136-41CD-B374-64046F97FCAD}.Debug|Any CPU.Build.0 = Debug|Any CPU
		{27028161-0136-41CD-B374-64046F97FCAD}.Debug|x64.ActiveCfg = Debug|Any CPU
		{27028161-0136-41CD-B374-64046F97FCAD}.Debug|x64.Build.0 = Debug|Any CPU
		{27028161-0136-41CD-B374-64046F97FCAD}.Debug|x86.ActiveCfg = Debug|Any CPU
		{27028161-0136-41CD-B374-64046F97FCAD}.Debug|x86.Build.0 = Debug|Any CPU
		{27028161-0136-41CD-B374-64046F97FCAD}.Release|Any CPU.ActiveCfg = Release|Any CPU
		{27028161-0136-41CD-B374-64046F97FCAD}.Release|Any CPU.Build.0 = Release|Any CPU
		{27028161-0136-41CD-B374-64046F97FCAD}.Release|x64.ActiveCfg = Release|Any CPU
		{27028161-0136-41CD-B374-64046F97FCAD}.Release|x64.Build.0 = Release|Any CPU
		{27028161-0136-41CD-B374-64046F97FCAD}.Release|x86.ActiveCfg = Release|Any CPU
		{27028161-0136-41CD-B374-64046F97FCAD}.Release|x86.Build.0 = Release|Any CPU
		{B8071A3A-7810-4666-8F18-6CF23A70278F}.Debug|Any CPU.ActiveCfg = Debug|Any CPU
		{B8071A3A-7810-4666-8F18-6CF23A70278F}.Debug|Any CPU.Build.0 = Debug|Any CPU
		{B8071A3A-7810-4666-8F18-6CF23A70278F}.Debug|x64.ActiveCfg = Debug|Any CPU
		{B8071A3A-7810-4666-8F18-6CF23A70278F}.Debug|x64.Build.0 = Debug|Any CPU
		{B8071A3A-7810-4666-8F18-6CF23A70278F}.Debug|x86.ActiveCfg = Debug|Any CPU
		{B8071A3A-7810-4666-8F18-6CF23A70278F}.Debug|x86.Build.0 = Debug|Any CPU
		{B8071A3A-7810-4666-8F18-6CF23A70278F}.Release|Any CPU.ActiveCfg = Release|Any CPU
		{B8071A3A-7810-4666-8F18-6CF23A70278F}.Release|Any CPU.Build.0 = Release|Any CPU
		{B8071A3A-7810-4666-8F18-6CF23A70278F}.Release|x64.ActiveCfg = Release|Any CPU
		{B8071A3A-7810-4666-8F18-6CF23A70278F}.Release|x64.Build.0 = Release|Any CPU
		{B8071A3A-7810-4666-8F18-6CF23A70278F}.Release|x86.ActiveCfg = Release|Any CPU
		{B8071A3A-7810-4666-8F18-6CF23A70278F}.Release|x86.Build.0 = Release|Any CPU
		{2E1242BC-19BB-4973-990E-7A47F8D1AD7F}.Debug|Any CPU.ActiveCfg = Debug|Any CPU
		{2E1242BC-19BB-4973-990E-7A47F8D1AD7F}.Debug|Any CPU.Build.0 = Debug|Any CPU
		{2E1242BC-19BB-4973-990E-7A47F8D1AD7F}.Debug|x64.ActiveCfg = Debug|Any CPU
		{2E1242BC-19BB-4973-990E-7A47F8D1AD7F}.Debug|x64.Build.0 = Debug|Any CPU
		{2E1242BC-19BB-4973-990E-7A47F8D1AD7F}.Debug|x86.ActiveCfg = Debug|Any CPU
		{2E1242BC-19BB-4973-990E-7A47F8D1AD7F}.Debug|x86.Build.0 = Debug|Any CPU
		{2E1242BC-19BB-4973-990E-7A47F8D1AD7F}.Release|Any CPU.ActiveCfg = Release|Any CPU
		{2E1242BC-19BB-4973-990E-7A47F8D1AD7F}.Release|Any CPU.Build.0 = Release|Any CPU
		{2E1242BC-19BB-4973-990E-7A47F8D1AD7F}.Release|x64.ActiveCfg = Release|Any CPU
		{2E1242BC-19BB-4973-990E-7A47F8D1AD7F}.Release|x64.Build.0 = Release|Any CPU
		{2E1242BC-19BB-4973-990E-7A47F8D1AD7F}.Release|x86.ActiveCfg = Release|Any CPU
		{2E1242BC-19BB-4973-990E-7A47F8D1AD7F}.Release|x86.Build.0 = Release|Any CPU
		{6076A77D-D040-411E-B20E-D893EDFE6AF6}.Debug|Any CPU.ActiveCfg = Debug|Any CPU
		{6076A77D-D040-411E-B20E-D893EDFE6AF6}.Debug|Any CPU.Build.0 = Debug|Any CPU
		{6076A77D-D040-411E-B20E-D893EDFE6AF6}.Debug|x64.ActiveCfg = Debug|Any CPU
		{6076A77D-D040-411E-B20E-D893EDFE6AF6}.Debug|x64.Build.0 = Debug|Any CPU
		{6076A77D-D040-411E-B20E-D893EDFE6AF6}.Debug|x86.ActiveCfg = Debug|Any CPU
		{6076A77D-D040-411E-B20E-D893EDFE6AF6}.Debug|x86.Build.0 = Debug|Any CPU
		{6076A77D-D040-411E-B20E-D893EDFE6AF6}.Release|Any CPU.ActiveCfg = Release|Any CPU
		{6076A77D-D040-411E-B20E-D893EDFE6AF6}.Release|Any CPU.Build.0 = Release|Any CPU
		{6076A77D-D040-411E-B20E-D893EDFE6AF6}.Release|x64.ActiveCfg = Release|Any CPU
		{6076A77D-D040-411E-B20E-D893EDFE6AF6}.Release|x64.Build.0 = Release|Any CPU
		{6076A77D-D040-411E-B20E-D893EDFE6AF6}.Release|x86.ActiveCfg = Release|Any CPU
		{6076A77D-D040-411E-B20E-D893EDFE6AF6}.Release|x86.Build.0 = Release|Any CPU
		{0ED3DFB2-856E-4118-8EAD-C14594BD0444}.Debug|Any CPU.ActiveCfg = Debug|Any CPU
		{0ED3DFB2-856E-4118-8EAD-C14594BD0444}.Debug|Any CPU.Build.0 = Debug|Any CPU
		{0ED3DFB2-856E-4118-8EAD-C14594BD0444}.Debug|x64.ActiveCfg = Debug|Any CPU
		{0ED3DFB2-856E-4118-8EAD-C14594BD0444}.Debug|x64.Build.0 = Debug|Any CPU
		{0ED3DFB2-856E-4118-8EAD-C14594BD0444}.Debug|x86.ActiveCfg = Debug|Any CPU
		{0ED3DFB2-856E-4118-8EAD-C14594BD0444}.Debug|x86.Build.0 = Debug|Any CPU
		{0ED3DFB2-856E-4118-8EAD-C14594BD0444}.Release|Any CPU.ActiveCfg = Release|Any CPU
		{0ED3DFB2-856E-4118-8EAD-C14594BD0444}.Release|Any CPU.Build.0 = Release|Any CPU
		{0ED3DFB2-856E-4118-8EAD-C14594BD0444}.Release|x64.ActiveCfg = Release|Any CPU
		{0ED3DFB2-856E-4118-8EAD-C14594BD0444}.Release|x64.Build.0 = Release|Any CPU
		{0ED3DFB2-856E-4118-8EAD-C14594BD0444}.Release|x86.ActiveCfg = Release|Any CPU
		{0ED3DFB2-856E-4118-8EAD-C14594BD0444}.Release|x86.Build.0 = Release|Any CPU
		{A4568B08-D408-44A0-8AC2-48D157EF9EBE}.Debug|Any CPU.ActiveCfg = Debug|Any CPU
		{A4568B08-D408-44A0-8AC2-48D157EF9EBE}.Debug|Any CPU.Build.0 = Debug|Any CPU
		{A4568B08-D408-44A0-8AC2-48D157EF9EBE}.Debug|x64.ActiveCfg = Debug|Any CPU
		{A4568B08-D408-44A0-8AC2-48D157EF9EBE}.Debug|x64.Build.0 = Debug|Any CPU
		{A4568B08-D408-44A0-8AC2-48D157EF9EBE}.Debug|x86.ActiveCfg = Debug|Any CPU
		{A4568B08-D408-44A0-8AC2-48D157EF9EBE}.Debug|x86.Build.0 = Debug|Any CPU
		{A4568B08-D408-44A0-8AC2-48D157EF9EBE}.Release|Any CPU.ActiveCfg = Release|Any CPU
		{A4568B08-D408-44A0-8AC2-48D157EF9EBE}.Release|Any CPU.Build.0 = Release|Any CPU
		{A4568B08-D408-44A0-8AC2-48D157EF9EBE}.Release|x64.ActiveCfg = Release|Any CPU
		{A4568B08-D408-44A0-8AC2-48D157EF9EBE}.Release|x64.Build.0 = Release|Any CPU
		{A4568B08-D408-44A0-8AC2-48D157EF9EBE}.Release|x86.ActiveCfg = Release|Any CPU
		{A4568B08-D408-44A0-8AC2-48D157EF9EBE}.Release|x86.Build.0 = Release|Any CPU
		{F9C5B8EE-A051-4A17-AD2C-484EE7734178}.Debug|Any CPU.ActiveCfg = Debug|Any CPU
		{F9C5B8EE-A051-4A17-AD2C-484EE7734178}.Debug|Any CPU.Build.0 = Debug|Any CPU
		{F9C5B8EE-A051-4A17-AD2C-484EE7734178}.Debug|x64.ActiveCfg = Debug|Any CPU
		{F9C5B8EE-A051-4A17-AD2C-484EE7734178}.Debug|x64.Build.0 = Debug|Any CPU
		{F9C5B8EE-A051-4A17-AD2C-484EE7734178}.Debug|x86.ActiveCfg = Debug|Any CPU
		{F9C5B8EE-A051-4A17-AD2C-484EE7734178}.Debug|x86.Build.0 = Debug|Any CPU
		{F9C5B8EE-A051-4A17-AD2C-484EE7734178}.Release|Any CPU.ActiveCfg = Release|Any CPU
		{F9C5B8EE-A051-4A17-AD2C-484EE7734178}.Release|Any CPU.Build.0 = Release|Any CPU
		{F9C5B8EE-A051-4A17-AD2C-484EE7734178}.Release|x64.ActiveCfg = Release|Any CPU
		{F9C5B8EE-A051-4A17-AD2C-484EE7734178}.Release|x64.Build.0 = Release|Any CPU
		{F9C5B8EE-A051-4A17-AD2C-484EE7734178}.Release|x86.ActiveCfg = Release|Any CPU
		{F9C5B8EE-A051-4A17-AD2C-484EE7734178}.Release|x86.Build.0 = Release|Any CPU
		{F0F787B4-052F-425F-AA8B-4689BAE9449B}.Debug|Any CPU.ActiveCfg = Debug|Any CPU
		{F0F787B4-052F-425F-AA8B-4689BAE9449B}.Debug|Any CPU.Build.0 = Debug|Any CPU
		{F0F787B4-052F-425F-AA8B-4689BAE9449B}.Debug|x64.ActiveCfg = Debug|Any CPU
		{F0F787B4-052F-425F-AA8B-4689BAE9449B}.Debug|x64.Build.0 = Debug|Any CPU
		{F0F787B4-052F-425F-AA8B-4689BAE9449B}.Debug|x86.ActiveCfg = Debug|Any CPU
		{F0F787B4-052F-425F-AA8B-4689BAE9449B}.Debug|x86.Build.0 = Debug|Any CPU
		{F0F787B4-052F-425F-AA8B-4689BAE9449B}.Release|Any CPU.ActiveCfg = Release|Any CPU
		{F0F787B4-052F-425F-AA8B-4689BAE9449B}.Release|Any CPU.Build.0 = Release|Any CPU
		{F0F787B4-052F-425F-AA8B-4689BAE9449B}.Release|x64.ActiveCfg = Release|Any CPU
		{F0F787B4-052F-425F-AA8B-4689BAE9449B}.Release|x64.Build.0 = Release|Any CPU
		{F0F787B4-052F-425F-AA8B-4689BAE9449B}.Release|x86.ActiveCfg = Release|Any CPU
		{F0F787B4-052F-425F-AA8B-4689BAE9449B}.Release|x86.Build.0 = Release|Any CPU
		{B0963373-8E94-42B9-8EF5-3262931A0640}.Debug|Any CPU.ActiveCfg = Debug|Any CPU
		{B0963373-8E94-42B9-8EF5-3262931A0640}.Debug|Any CPU.Build.0 = Debug|Any CPU
		{B0963373-8E94-42B9-8EF5-3262931A0640}.Debug|x64.ActiveCfg = Debug|Any CPU
		{B0963373-8E94-42B9-8EF5-3262931A0640}.Debug|x64.Build.0 = Debug|Any CPU
		{B0963373-8E94-42B9-8EF5-3262931A0640}.Debug|x86.ActiveCfg = Debug|Any CPU
		{B0963373-8E94-42B9-8EF5-3262931A0640}.Debug|x86.Build.0 = Debug|Any CPU
		{B0963373-8E94-42B9-8EF5-3262931A0640}.Release|Any CPU.ActiveCfg = Release|Any CPU
		{B0963373-8E94-42B9-8EF5-3262931A0640}.Release|Any CPU.Build.0 = Release|Any CPU
		{B0963373-8E94-42B9-8EF5-3262931A0640}.Release|x64.ActiveCfg = Release|Any CPU
		{B0963373-8E94-42B9-8EF5-3262931A0640}.Release|x64.Build.0 = Release|Any CPU
		{B0963373-8E94-42B9-8EF5-3262931A0640}.Release|x86.ActiveCfg = Release|Any CPU
		{B0963373-8E94-42B9-8EF5-3262931A0640}.Release|x86.Build.0 = Release|Any CPU
		{CC02F3D3-F7D0-4E99-84B7-290D81B75AE8}.Debug|Any CPU.ActiveCfg = Debug|Any CPU
		{CC02F3D3-F7D0-4E99-84B7-290D81B75AE8}.Debug|Any CPU.Build.0 = Debug|Any CPU
		{CC02F3D3-F7D0-4E99-84B7-290D81B75AE8}.Debug|x64.ActiveCfg = Debug|Any CPU
		{CC02F3D3-F7D0-4E99-84B7-290D81B75AE8}.Debug|x64.Build.0 = Debug|Any CPU
		{CC02F3D3-F7D0-4E99-84B7-290D81B75AE8}.Debug|x86.ActiveCfg = Debug|Any CPU
		{CC02F3D3-F7D0-4E99-84B7-290D81B75AE8}.Debug|x86.Build.0 = Debug|Any CPU
		{CC02F3D3-F7D0-4E99-84B7-290D81B75AE8}.Release|Any CPU.ActiveCfg = Release|Any CPU
		{CC02F3D3-F7D0-4E99-84B7-290D81B75AE8}.Release|Any CPU.Build.0 = Release|Any CPU
		{CC02F3D3-F7D0-4E99-84B7-290D81B75AE8}.Release|x64.ActiveCfg = Release|Any CPU
		{CC02F3D3-F7D0-4E99-84B7-290D81B75AE8}.Release|x64.Build.0 = Release|Any CPU
		{CC02F3D3-F7D0-4E99-84B7-290D81B75AE8}.Release|x86.ActiveCfg = Release|Any CPU
		{CC02F3D3-F7D0-4E99-84B7-290D81B75AE8}.Release|x86.Build.0 = Release|Any CPU
		{C53269BE-0D5C-4123-88C1-E962A4B66738}.Debug|Any CPU.ActiveCfg = Debug|Any CPU
		{C53269BE-0D5C-4123-88C1-E962A4B66738}.Debug|Any CPU.Build.0 = Debug|Any CPU
		{C53269BE-0D5C-4123-88C1-E962A4B66738}.Debug|x64.ActiveCfg = Debug|Any CPU
		{C53269BE-0D5C-4123-88C1-E962A4B66738}.Debug|x64.Build.0 = Debug|Any CPU
		{C53269BE-0D5C-4123-88C1-E962A4B66738}.Debug|x86.ActiveCfg = Debug|Any CPU
		{C53269BE-0D5C-4123-88C1-E962A4B66738}.Debug|x86.Build.0 = Debug|Any CPU
		{C53269BE-0D5C-4123-88C1-E962A4B66738}.Release|Any CPU.ActiveCfg = Release|Any CPU
		{C53269BE-0D5C-4123-88C1-E962A4B66738}.Release|Any CPU.Build.0 = Release|Any CPU
		{C53269BE-0D5C-4123-88C1-E962A4B66738}.Release|x64.ActiveCfg = Release|Any CPU
		{C53269BE-0D5C-4123-88C1-E962A4B66738}.Release|x64.Build.0 = Release|Any CPU
		{C53269BE-0D5C-4123-88C1-E962A4B66738}.Release|x86.ActiveCfg = Release|Any CPU
		{C53269BE-0D5C-4123-88C1-E962A4B66738}.Release|x86.Build.0 = Release|Any CPU
		{E90E2836-B1B8-4B7F-91CE-10DF7DF66318}.Debug|Any CPU.ActiveCfg = Debug|Any CPU
		{E90E2836-B1B8-4B7F-91CE-10DF7DF66318}.Debug|Any CPU.Build.0 = Debug|Any CPU
		{E90E2836-B1B8-4B7F-91CE-10DF7DF66318}.Debug|x64.ActiveCfg = Debug|Any CPU
		{E90E2836-B1B8-4B7F-91CE-10DF7DF66318}.Debug|x64.Build.0 = Debug|Any CPU
		{E90E2836-B1B8-4B7F-91CE-10DF7DF66318}.Debug|x86.ActiveCfg = Debug|Any CPU
		{E90E2836-B1B8-4B7F-91CE-10DF7DF66318}.Debug|x86.Build.0 = Debug|Any CPU
		{E90E2836-B1B8-4B7F-91CE-10DF7DF66318}.Release|Any CPU.ActiveCfg = Release|Any CPU
		{E90E2836-B1B8-4B7F-91CE-10DF7DF66318}.Release|Any CPU.Build.0 = Release|Any CPU
		{E90E2836-B1B8-4B7F-91CE-10DF7DF66318}.Release|x64.ActiveCfg = Release|Any CPU
		{E90E2836-B1B8-4B7F-91CE-10DF7DF66318}.Release|x64.Build.0 = Release|Any CPU
		{E90E2836-B1B8-4B7F-91CE-10DF7DF66318}.Release|x86.ActiveCfg = Release|Any CPU
		{E90E2836-B1B8-4B7F-91CE-10DF7DF66318}.Release|x86.Build.0 = Release|Any CPU
		{44D64A86-4965-4937-A077-5C1065ED2298}.Debug|Any CPU.ActiveCfg = Debug|Any CPU
		{44D64A86-4965-4937-A077-5C1065ED2298}.Debug|Any CPU.Build.0 = Debug|Any CPU
		{44D64A86-4965-4937-A077-5C1065ED2298}.Debug|x64.ActiveCfg = Debug|Any CPU
		{44D64A86-4965-4937-A077-5C1065ED2298}.Debug|x64.Build.0 = Debug|Any CPU
		{44D64A86-4965-4937-A077-5C1065ED2298}.Debug|x86.ActiveCfg = Debug|Any CPU
		{44D64A86-4965-4937-A077-5C1065ED2298}.Debug|x86.Build.0 = Debug|Any CPU
		{44D64A86-4965-4937-A077-5C1065ED2298}.Release|Any CPU.ActiveCfg = Release|Any CPU
		{44D64A86-4965-4937-A077-5C1065ED2298}.Release|Any CPU.Build.0 = Release|Any CPU
		{44D64A86-4965-4937-A077-5C1065ED2298}.Release|x64.ActiveCfg = Release|Any CPU
		{44D64A86-4965-4937-A077-5C1065ED2298}.Release|x64.Build.0 = Release|Any CPU
		{44D64A86-4965-4937-A077-5C1065ED2298}.Release|x86.ActiveCfg = Release|Any CPU
		{44D64A86-4965-4937-A077-5C1065ED2298}.Release|x86.Build.0 = Release|Any CPU
		{8D3C61AC-B7F2-482D-94AD-25CB94193ADF}.Debug|Any CPU.ActiveCfg = Debug|Any CPU
		{8D3C61AC-B7F2-482D-94AD-25CB94193ADF}.Debug|Any CPU.Build.0 = Debug|Any CPU
		{8D3C61AC-B7F2-482D-94AD-25CB94193ADF}.Debug|x64.ActiveCfg = Debug|Any CPU
		{8D3C61AC-B7F2-482D-94AD-25CB94193ADF}.Debug|x64.Build.0 = Debug|Any CPU
		{8D3C61AC-B7F2-482D-94AD-25CB94193ADF}.Debug|x86.ActiveCfg = Debug|Any CPU
		{8D3C61AC-B7F2-482D-94AD-25CB94193ADF}.Debug|x86.Build.0 = Debug|Any CPU
		{8D3C61AC-B7F2-482D-94AD-25CB94193ADF}.Release|Any CPU.ActiveCfg = Release|Any CPU
		{8D3C61AC-B7F2-482D-94AD-25CB94193ADF}.Release|Any CPU.Build.0 = Release|Any CPU
		{8D3C61AC-B7F2-482D-94AD-25CB94193ADF}.Release|x64.ActiveCfg = Release|Any CPU
		{8D3C61AC-B7F2-482D-94AD-25CB94193ADF}.Release|x64.Build.0 = Release|Any CPU
		{8D3C61AC-B7F2-482D-94AD-25CB94193ADF}.Release|x86.ActiveCfg = Release|Any CPU
		{8D3C61AC-B7F2-482D-94AD-25CB94193ADF}.Release|x86.Build.0 = Release|Any CPU
		{1527D0F7-2320-4E85-A122-AFAB4E546877}.Debug|Any CPU.ActiveCfg = Debug|Any CPU
		{1527D0F7-2320-4E85-A122-AFAB4E546877}.Debug|Any CPU.Build.0 = Debug|Any CPU
		{1527D0F7-2320-4E85-A122-AFAB4E546877}.Debug|x64.ActiveCfg = Debug|Any CPU
		{1527D0F7-2320-4E85-A122-AFAB4E546877}.Debug|x64.Build.0 = Debug|Any CPU
		{1527D0F7-2320-4E85-A122-AFAB4E546877}.Debug|x86.ActiveCfg = Debug|Any CPU
		{1527D0F7-2320-4E85-A122-AFAB4E546877}.Debug|x86.Build.0 = Debug|Any CPU
		{1527D0F7-2320-4E85-A122-AFAB4E546877}.Release|Any CPU.ActiveCfg = Release|Any CPU
		{1527D0F7-2320-4E85-A122-AFAB4E546877}.Release|Any CPU.Build.0 = Release|Any CPU
		{1527D0F7-2320-4E85-A122-AFAB4E546877}.Release|x64.ActiveCfg = Release|Any CPU
		{1527D0F7-2320-4E85-A122-AFAB4E546877}.Release|x64.Build.0 = Release|Any CPU
		{1527D0F7-2320-4E85-A122-AFAB4E546877}.Release|x86.ActiveCfg = Release|Any CPU
		{1527D0F7-2320-4E85-A122-AFAB4E546877}.Release|x86.Build.0 = Release|Any CPU
		{33C9E3CF-1D56-4CB2-8A2E-D9A804E7D72A}.Debug|Any CPU.ActiveCfg = Debug|Any CPU
		{33C9E3CF-1D56-4CB2-8A2E-D9A804E7D72A}.Debug|Any CPU.Build.0 = Debug|Any CPU
		{33C9E3CF-1D56-4CB2-8A2E-D9A804E7D72A}.Debug|x64.ActiveCfg = Debug|Any CPU
		{33C9E3CF-1D56-4CB2-8A2E-D9A804E7D72A}.Debug|x64.Build.0 = Debug|Any CPU
		{33C9E3CF-1D56-4CB2-8A2E-D9A804E7D72A}.Debug|x86.ActiveCfg = Debug|Any CPU
		{33C9E3CF-1D56-4CB2-8A2E-D9A804E7D72A}.Debug|x86.Build.0 = Debug|Any CPU
		{33C9E3CF-1D56-4CB2-8A2E-D9A804E7D72A}.Release|Any CPU.ActiveCfg = Release|Any CPU
		{33C9E3CF-1D56-4CB2-8A2E-D9A804E7D72A}.Release|Any CPU.Build.0 = Release|Any CPU
		{33C9E3CF-1D56-4CB2-8A2E-D9A804E7D72A}.Release|x64.ActiveCfg = Release|Any CPU
		{33C9E3CF-1D56-4CB2-8A2E-D9A804E7D72A}.Release|x64.Build.0 = Release|Any CPU
		{33C9E3CF-1D56-4CB2-8A2E-D9A804E7D72A}.Release|x86.ActiveCfg = Release|Any CPU
		{33C9E3CF-1D56-4CB2-8A2E-D9A804E7D72A}.Release|x86.Build.0 = Release|Any CPU
		{E2F969CA-A20D-4331-BBE1-22F3A4B40EF4}.Debug|Any CPU.ActiveCfg = Debug|Any CPU
		{E2F969CA-A20D-4331-BBE1-22F3A4B40EF4}.Debug|Any CPU.Build.0 = Debug|Any CPU
		{E2F969CA-A20D-4331-BBE1-22F3A4B40EF4}.Debug|x64.ActiveCfg = Debug|Any CPU
		{E2F969CA-A20D-4331-BBE1-22F3A4B40EF4}.Debug|x64.Build.0 = Debug|Any CPU
		{E2F969CA-A20D-4331-BBE1-22F3A4B40EF4}.Debug|x86.ActiveCfg = Debug|Any CPU
		{E2F969CA-A20D-4331-BBE1-22F3A4B40EF4}.Debug|x86.Build.0 = Debug|Any CPU
		{E2F969CA-A20D-4331-BBE1-22F3A4B40EF4}.Release|Any CPU.ActiveCfg = Release|Any CPU
		{E2F969CA-A20D-4331-BBE1-22F3A4B40EF4}.Release|Any CPU.Build.0 = Release|Any CPU
		{E2F969CA-A20D-4331-BBE1-22F3A4B40EF4}.Release|x64.ActiveCfg = Release|Any CPU
		{E2F969CA-A20D-4331-BBE1-22F3A4B40EF4}.Release|x64.Build.0 = Release|Any CPU
		{E2F969CA-A20D-4331-BBE1-22F3A4B40EF4}.Release|x86.ActiveCfg = Release|Any CPU
		{E2F969CA-A20D-4331-BBE1-22F3A4B40EF4}.Release|x86.Build.0 = Release|Any CPU
	EndGlobalSection
	GlobalSection(SolutionProperties) = preSolution
		HideSolutionNode = FALSE
	EndGlobalSection
	GlobalSection(ExtensibilityGlobals) = postSolution
		SolutionGuid = {4CCC0142-479D-4515-9482-E1C492FBE21D}
	EndGlobalSection
EndGlobal
